
Microsoft Visual Studio Solution File, Format Version 12.00
# Visual Studio Version 17
VisualStudioVersion = 17.14.37111.16 d17.14
MinimumVisualStudioVersion = 10.0.40219.1
Project("{FAE04EC0-301F-11D3-BF4B-00C04F79EFBC}") = "Authentication & Authorization", "Authentication & Authorization.csproj", "{BE1CB361-2FDC-4A86-A3BC-259C0F2DECD8}"
EndProject
Global
	GlobalSection(SolutionConfigurationPlatforms) = preSolution
		Debug|Any CPU = Debug|Any CPU
		Release|Any CPU = Release|Any CPU
	EndGlobalSection
	GlobalSection(ProjectConfigurationPlatforms) = postSolution
		{BE1CB361-2FDC-4A86-A3BC-259C0F2DECD8}.Debug|Any CPU.ActiveCfg = Debug|Any CPU
		{BE1CB361-2FDC-4A86-A3BC-259C0F2DECD8}.Debug|Any CPU.Build.0 = Debug|Any CPU
		{BE1CB361-2FDC-4A86-A3BC-259C0F2DECD8}.Release|Any CPU.ActiveCfg = Release|Any CPU
		{BE1CB361-2FDC-4A86-A3BC-259C0F2DECD8}.Release|Any CPU.Build.0 = Release|Any CPU
	EndGlobalSection
	GlobalSection(SolutionProperties) = preSolution
		HideSolutionNode = FALSE
	EndGlobalSection
	GlobalSection(ExtensibilityGlobals) = postSolution
		SolutionGuid = {79316139-6C31-46AE-88F9-4BE5D64BEBEF}
	EndGlobalSection
EndGlobal
