
Microsoft Visual Studio Solution File, Format Version 12.00
# Visual Studio Version 17
VisualStudioVersion = 17.14.37111.16 d17.14
MinimumVisualStudioVersion = 10.0.40219.1
Project("{FAE04EC0-301F-11D3-BF4B-00C04F79EFBC}") = "Company System", "Company System.csproj", "{2E184F32-0184-47AE-A494-7027DF62C506}"
EndProject
Global
	GlobalSection(SolutionConfigurationPlatforms) = preSolution
		Debug|Any CPU = Debug|Any CPU
		Release|Any CPU = Release|Any CPU
	EndGlobalSection
	GlobalSection(ProjectConfigurationPlatforms) = postSolution
		{2E184F32-0184-47AE-A494-7027DF62C506}.Debug|Any CPU.ActiveCfg = Debug|Any CPU
		{2E184F32-0184-47AE-A494-7027DF62C506}.Debug|Any CPU.Build.0 = Debug|Any CPU
		{2E184F32-0184-47AE-A494-7027DF62C506}.Release|Any CPU.ActiveCfg = Release|Any CPU
		{2E184F32-0184-47AE-A494-7027DF62C506}.Release|Any CPU.Build.0 = Release|Any CPU
	EndGlobalSection
	GlobalSection(SolutionProperties) = preSolution
		HideSolutionNode = FALSE
	EndGlobalSection
	GlobalSection(ExtensibilityGlobals) = postSolution
		SolutionGuid = {3E13A0AE-8706-40C7-9FA5-3F13CAA1C2C1}
	EndGlobalSection
EndGlobal
